// !$*UTF8*$!
{
	archiveVersion = 1;
	classes = {
	};
	objectVersion = 56;
	objects = {

/* Begin PBXBuildFile section */
		8F36B63B2DD3863300470F4D /* CollisionDetection.cpp in Sources */ = {isa = PBXBuildFile; fileRef = 8F36B6392DD3863300470F4D /* CollisionDetection.cpp */; };
		8F3A33EE2DCC1CF300A551A0 /* PlayerGameObject.cpp in Sources */ = {isa = PBXBuildFile; fileRef = 8F3A33EC2DCC1CF300A551A0 /* PlayerGameObject.cpp */; };
		8F5195862DCBA166005CAC71 /* main.cpp in Sources */ = {isa = PBXBuildFile; fileRef = 8F5195852DCBA166005CAC71 /* main.cpp */; };
		8F51958E2DCBA17E005CAC71 /* SDL2.framework in Frameworks */ = {isa = PBXBuildFile; fileRef = 8F51958D2DCBA17E005CAC71 /* SDL2.framework */; };
		8F51958F2DCBA17E005CAC71 /* SDL2.framework in Embed Frameworks */ = {isa = PBXBuildFile; fileRef = 8F51958D2DCBA17E005CAC71 /* SDL2.framework */; settings = {ATTRIBUTES = (CodeSignOnCopy, RemoveHeadersOnCopy, ); }; };
		8F5195922DCBA18F005CAC71 /* SDL2_image.framework in Frameworks */ = {isa = PBXBuildFile; fileRef = 8F5195912DCBA18F005CAC71 /* SDL2_image.framework */; };
		8F5195932DCBA18F005CAC71 /* SDL2_image.framework in Embed Frameworks */ = {isa = PBXBuildFile; fileRef = 8F5195912DCBA18F005CAC71 /* SDL2_image.framework */; settings = {ATTRIBUTES = (CodeSignOnCopy, RemoveHeadersOnCopy, ); }; };
		8F5195952DCBA19D005CAC71 /* SDL2_ttf.framework in Frameworks */ = {isa = PBXBuildFile; fileRef = 8F5195942DCBA19D005CAC71 /* SDL2_ttf.framework */; };
		8F5195962DCBA19D005CAC71 /* SDL2_ttf.framework in Embed Frameworks */ = {isa = PBXBuildFile; fileRef = 8F5195942DCBA19D005CAC71 /* SDL2_ttf.framework */; settings = {ATTRIBUTES = (CodeSignOnCopy, RemoveHeadersOnCopy, ); }; };
		8F51959D2DCBA9BD005CAC71 /* SdlManager.cpp in Sources */ = {isa = PBXBuildFile; fileRef = 8F51959B2DCBA9BD005CAC71 /* SdlManager.cpp */; };
		8F5195A32DCBC717005CAC71 /* GameObject.cpp in Sources */ = {isa = PBXBuildFile; fileRef = 8F5195A12DCBC717005CAC71 /* GameObject.cpp */; };
		8F5195A72DCBDDE8005CAC71 /* playerShip.png in CopyFiles */ = {isa = PBXBuildFile; fileRef = 8F5195A52DCBD81D005CAC71 /* playerShip.png */; settings = {ATTRIBUTES = (CodeSignOnCopy, ); }; };
		8F8A735D2DF3511F004FB20D /* Grid.cpp in Sources */ = {isa = PBXBuildFile; fileRef = 8F8A735B2DF3511F004FB20D /* Grid.cpp */; };
		8FB1D3D82DD25CAA00A63A6D /* AsteroidGameObject.cpp in Sources */ = {isa = PBXBuildFile; fileRef = 8FB1D3D62DD25CAA00A63A6D /* AsteroidGameObject.cpp */; };
		8FB1D3DC2DD2617A00A63A6D /* AsteroidSpawner.cpp in Sources */ = {isa = PBXBuildFile; fileRef = 8FB1D3DA2DD2617A00A63A6D /* AsteroidSpawner.cpp */; };
		8FB1D3E62DD26A0F00A63A6D /* meteor1.png in CopyFiles */ = {isa = PBXBuildFile; fileRef = 8FB1D3DE2DD2628000A63A6D /* meteor1.png */; settings = {ATTRIBUTES = (CodeSignOnCopy, ); }; };
		8FB1D3E72DD26A0F00A63A6D /* meteor2.png in CopyFiles */ = {isa = PBXBuildFile; fileRef = 8FB1D3DF2DD2628600A63A6D /* meteor2.png */; settings = {ATTRIBUTES = (CodeSignOnCopy, ); }; };
		8FB1D3E82DD26A0F00A63A6D /* meteor3.png in CopyFiles */ = {isa = PBXBuildFile; fileRef = 8FB1D3E02DD2628F00A63A6D /* meteor3.png */; settings = {ATTRIBUTES = (CodeSignOnCopy, ); }; };
		8FB1D3E92DD26A0F00A63A6D /* meteor4.png in CopyFiles */ = {isa = PBXBuildFile; fileRef = 8FB1D3E12DD2629700A63A6D /* meteor4.png */; settings = {ATTRIBUTES = (CodeSignOnCopy, ); }; };
		8FB1D3EA2DD26A0F00A63A6D /* meteor5.png in CopyFiles */ = {isa = PBXBuildFile; fileRef = 8FB1D3E22DD2629F00A63A6D /* meteor5.png */; settings = {ATTRIBUTES = (CodeSignOnCopy, ); }; };
		8FB1D3EB2DD26A0F00A63A6D /* meteor6.png in CopyFiles */ = {isa = PBXBuildFile; fileRef = 8FB1D3E32DD262A600A63A6D /* meteor6.png */; settings = {ATTRIBUTES = (CodeSignOnCopy, ); }; };
		8FB1D3EC2DD26A0F00A63A6D /* meteor7.png in CopyFiles */ = {isa = PBXBuildFile; fileRef = 8FB1D3E42DD262B600A63A6D /* meteor7.png */; settings = {ATTRIBUTES = (CodeSignOnCopy, ); }; };
		8FB1D3ED2DD26A0F00A63A6D /* meteor8.png in CopyFiles */ = {isa = PBXBuildFile; fileRef = 8FB1D3E52DD262BD00A63A6D /* meteor8.png */; settings = {ATTRIBUTES = (CodeSignOnCopy, ); }; };
		8FB2C2342DCE302B0061EB2B /* PlayerBullet.cpp in Sources */ = {isa = PBXBuildFile; fileRef = 8FB2C2322DCE302B0061EB2B /* PlayerBullet.cpp */; };
		8FB2C2352DCE48500061EB2B /* playerBullet.png in CopyFiles */ = {isa = PBXBuildFile; fileRef = 8FB2C2312DCE2FF40061EB2B /* playerBullet.png */; settings = {ATTRIBUTES = (CodeSignOnCopy, ); }; };
		8FE197D32DDF68E5003FF6B5 /* Label.cpp in Sources */ = {isa = PBXBuildFile; fileRef = 8FE197D12DDF68E5003FF6B5 /* Label.cpp */; };
		8FE197D52DDF6B5D003FF6B5 /* NewYork.ttf in CopyFiles */ = {isa = PBXBuildFile; fileRef = 8FE197D42DDF6B50003FF6B5 /* NewYork.ttf */; settings = {ATTRIBUTES = (CodeSignOnCopy, ); }; };
/* End PBXBuildFile section */

/* Begin PBXCopyFilesBuildPhase section */
		8F5195802DCBA166005CAC71 /* CopyFiles */ = {
			isa = PBXCopyFilesBuildPhase;
			buildActionMask = 12;
			dstPath = "";
			dstSubfolderSpec = 16;
			files = (
				8FE197D52DDF6B5D003FF6B5 /* NewYork.ttf in CopyFiles */,
				8FB1D3E62DD26A0F00A63A6D /* meteor1.png in CopyFiles */,
				8FB1D3E72DD26A0F00A63A6D /* meteor2.png in CopyFiles */,
				8FB1D3E82DD26A0F00A63A6D /* meteor3.png in CopyFiles */,
				8FB1D3E92DD26A0F00A63A6D /* meteor4.png in CopyFiles */,
				8FB1D3EA2DD26A0F00A63A6D /* meteor5.png in CopyFiles */,
				8FB1D3EB2DD26A0F00A63A6D /* meteor6.png in CopyFiles */,
				8FB1D3EC2DD26A0F00A63A6D /* meteor7.png in CopyFiles */,
				8FB1D3ED2DD26A0F00A63A6D /* meteor8.png in CopyFiles */,
				8FB2C2352DCE48500061EB2B /* playerBullet.png in CopyFiles */,
				8F5195A72DCBDDE8005CAC71 /* playerShip.png in CopyFiles */,
			);
			runOnlyForDeploymentPostprocessing = 0;
		};
		8F5195902DCBA17E005CAC71 /* Embed Frameworks */ = {
			isa = PBXCopyFilesBuildPhase;
			buildActionMask = 2147483647;
			dstPath = "";
			dstSubfolderSpec = 10;
			files = (
				8F51958F2DCBA17E005CAC71 /* SDL2.framework in Embed Frameworks */,
				8F5195962DCBA19D005CAC71 /* SDL2_ttf.framework in Embed Frameworks */,
				8F5195932DCBA18F005CAC71 /* SDL2_image.framework in Embed Frameworks */,
			);
			name = "Embed Frameworks";
			runOnlyForDeploymentPostprocessing = 0;
		};
/* End PBXCopyFilesBuildPhase section */

/* Begin PBXFileReference section */
		8F36B6392DD3863300470F4D /* CollisionDetection.cpp */ = {isa = PBXFileReference; lastKnownFileType = sourcecode.cpp.cpp; path = CollisionDetection.cpp; sourceTree = "<group>"; };
		8F36B63A2DD3863300470F4D /* CollisionDetection.hpp */ = {isa = PBXFileReference; lastKnownFileType = sourcecode.cpp.h; path = CollisionDetection.hpp; sourceTree = "<group>"; };
		8F36B63F2DD3B0D200470F4D /* AsteroidType.h */ = {isa = PBXFileReference; lastKnownFileType = sourcecode.c.h; path = AsteroidType.h; sourceTree = "<group>"; };
		8F3A33EC2DCC1CF300A551A0 /* PlayerGameObject.cpp */ = {isa = PBXFileReference; lastKnownFileType = sourcecode.cpp.cpp; path = PlayerGameObject.cpp; sourceTree = "<group>"; };
		8F3A33ED2DCC1CF300A551A0 /* PlayerGameObject.hpp */ = {isa = PBXFileReference; lastKnownFileType = sourcecode.cpp.h; path = PlayerGameObject.hpp; sourceTree = "<group>"; };
		8F5195822DCBA166005CAC71 /* Asteroids NDP */ = {isa = PBXFileReference; explicitFileType = "compiled.mach-o.executable"; includeInIndex = 0; path = "Asteroids NDP"; sourceTree = BUILT_PRODUCTS_DIR; };
		8F5195852DCBA166005CAC71 /* main.cpp */ = {isa = PBXFileReference; lastKnownFileType = sourcecode.cpp.cpp; path = main.cpp; sourceTree = "<group>"; };
		8F51958D2DCBA17E005CAC71 /* SDL2.framework */ = {isa = PBXFileReference; lastKnownFileType = wrapper.framework; name = SDL2.framework; path = ../../../../../Library/Frameworks/SDL2.framework; sourceTree = "<group>"; };
		8F5195912DCBA18F005CAC71 /* SDL2_image.framework */ = {isa = PBXFileReference; lastKnownFileType = wrapper.framework; name = SDL2_image.framework; path = ../../../../../Library/Frameworks/SDL2_image.framework; sourceTree = "<group>"; };
		8F5195942DCBA19D005CAC71 /* SDL2_ttf.framework */ = {isa = PBXFileReference; lastKnownFileType = wrapper.framework; name = SDL2_ttf.framework; path = ../../../../../Library/Frameworks/SDL2_ttf.framework; sourceTree = "<group>"; };
		8F51959B2DCBA9BD005CAC71 /* SdlManager.cpp */ = {isa = PBXFileReference; lastKnownFileType = sourcecode.cpp.cpp; path = SdlManager.cpp; sourceTree = "<group>"; };
		8F51959C2DCBA9BD005CAC71 /* SdlManager.hpp */ = {isa = PBXFileReference; lastKnownFileType = sourcecode.cpp.h; path = SdlManager.hpp; sourceTree = "<group>"; };
		8F5195A12DCBC717005CAC71 /* GameObject.cpp */ = {isa = PBXFileReference; lastKnownFileType = sourcecode.cpp.cpp; path = GameObject.cpp; sourceTree = "<group>"; };
		8F5195A22DCBC717005CAC71 /* GameObject.hpp */ = {isa = PBXFileReference; lastKnownFileType = sourcecode.cpp.h; path = GameObject.hpp; sourceTree = "<group>"; };
		8F5195A52DCBD81D005CAC71 /* playerShip.png */ = {isa = PBXFileReference; lastKnownFileType = image.png; path = playerShip.png; sourceTree = "<group>"; };
		8F8A735B2DF3511F004FB20D /* Grid.cpp */ = {isa = PBXFileReference; lastKnownFileType = sourcecode.cpp.cpp; path = Grid.cpp; sourceTree = "<group>"; };
		8F8A735C2DF3511F004FB20D /* Grid.hpp */ = {isa = PBXFileReference; lastKnownFileType = sourcecode.cpp.h; path = Grid.hpp; sourceTree = "<group>"; };
		8F8A735F2DF367C6004FB20D /* PointsManager.h */ = {isa = PBXFileReference; lastKnownFileType = sourcecode.c.h; path = PointsManager.h; sourceTree = "<group>"; };
		8FB1D3D62DD25CAA00A63A6D /* AsteroidGameObject.cpp */ = {isa = PBXFileReference; lastKnownFileType = sourcecode.cpp.cpp; path = AsteroidGameObject.cpp; sourceTree = "<group>"; };
		8FB1D3D72DD25CAA00A63A6D /* AsteroidGameObject.hpp */ = {isa = PBXFileReference; lastKnownFileType = sourcecode.cpp.h; path = AsteroidGameObject.hpp; sourceTree = "<group>"; };
		8FB1D3DA2DD2617A00A63A6D /* AsteroidSpawner.cpp */ = {isa = PBXFileReference; lastKnownFileType = sourcecode.cpp.cpp; path = AsteroidSpawner.cpp; sourceTree = "<group>"; };
		8FB1D3DB2DD2617A00A63A6D /* AsteroidSpawner.hpp */ = {isa = PBXFileReference; lastKnownFileType = sourcecode.cpp.h; path = AsteroidSpawner.hpp; sourceTree = "<group>"; };
		8FB1D3DE2DD2628000A63A6D /* meteor1.png */ = {isa = PBXFileReference; lastKnownFileType = image.png; path = meteor1.png; sourceTree = "<group>"; };
		8FB1D3DF2DD2628600A63A6D /* meteor2.png */ = {isa = PBXFileReference; lastKnownFileType = image.png; path = meteor2.png; sourceTree = "<group>"; };
		8FB1D3E02DD2628F00A63A6D /* meteor3.png */ = {isa = PBXFileReference; lastKnownFileType = image.png; path = meteor3.png; sourceTree = "<group>"; };
		8FB1D3E12DD2629700A63A6D /* meteor4.png */ = {isa = PBXFileReference; lastKnownFileType = image.png; path = meteor4.png; sourceTree = "<group>"; };
		8FB1D3E22DD2629F00A63A6D /* meteor5.png */ = {isa = PBXFileReference; lastKnownFileType = image.png; path = meteor5.png; sourceTree = "<group>"; };
		8FB1D3E32DD262A600A63A6D /* meteor6.png */ = {isa = PBXFileReference; lastKnownFileType = image.png; path = meteor6.png; sourceTree = "<group>"; };
		8FB1D3E42DD262B600A63A6D /* meteor7.png */ = {isa = PBXFileReference; lastKnownFileType = image.png; path = meteor7.png; sourceTree = "<group>"; };
		8FB1D3E52DD262BD00A63A6D /* meteor8.png */ = {isa = PBXFileReference; lastKnownFileType = image.png; path = meteor8.png; sourceTree = "<group>"; };
		8FB2C2312DCE2FF40061EB2B /* playerBullet.png */ = {isa = PBXFileReference; lastKnownFileType = image.png; path = playerBullet.png; sourceTree = "<group>"; };
		8FB2C2322DCE302B0061EB2B /* PlayerBullet.cpp */ = {isa = PBXFileReference; lastKnownFileType = sourcecode.cpp.cpp; path = PlayerBullet.cpp; sourceTree = "<group>"; };
		8FB2C2332DCE302B0061EB2B /* PlayerBullet.hpp */ = {isa = PBXFileReference; lastKnownFileType = sourcecode.cpp.h; path = PlayerBullet.hpp; sourceTree = "<group>"; };
		8FE197D12DDF68E5003FF6B5 /* Label.cpp */ = {isa = PBXFileReference; lastKnownFileType = sourcecode.cpp.cpp; path = Label.cpp; sourceTree = "<group>"; };
		8FE197D22DDF68E5003FF6B5 /* Label.hpp */ = {isa = PBXFileReference; lastKnownFileType = sourcecode.cpp.h; path = Label.hpp; sourceTree = "<group>"; };
		8FE197D42DDF6B50003FF6B5 /* NewYork.ttf */ = {isa = PBXFileReference; lastKnownFileType = file; name = NewYork.ttf; path = ../../../../../Downloads/NewYork.ttf; sourceTree = "<group>"; };
/* End PBXFileReference section */

/* Begin PBXFrameworksBuildPhase section */
		8F51957F2DCBA166005CAC71 /* Frameworks */ = {
			isa = PBXFrameworksBuildPhase;
			buildActionMask = 2147483647;
			files = (
				8F51958E2DCBA17E005CAC71 /* SDL2.framework in Frameworks */,
				8F5195952DCBA19D005CAC71 /* SDL2_ttf.framework in Frameworks */,
				8F5195922DCBA18F005CAC71 /* SDL2_image.framework in Frameworks */,
			);
			runOnlyForDeploymentPostprocessing = 0;
		};
/* End PBXFrameworksBuildPhase section */

/* Begin PBXGroup section */
		8F36B6382DD3862300470F4D /* Collision */ = {
			isa = PBXGroup;
			children = (
				8F36B6392DD3863300470F4D /* CollisionDetection.cpp */,
				8F36B63A2DD3863300470F4D /* CollisionDetection.hpp */,
			);
			path = Collision;
			sourceTree = "<group>";
		};
		8F36B63C2DD3AFCF00470F4D /* Enums */ = {
			isa = PBXGroup;
			children = (
				8F36B63F2DD3B0D200470F4D /* AsteroidType.h */,
			);
			path = Enums;
			sourceTree = "<group>";
		};
		8F5195792DCBA166005CAC71 = {
			isa = PBXGroup;
			children = (
				8F5195842DCBA166005CAC71 /* Asteroids NDP */,
				8F5195832DCBA166005CAC71 /* Products */,
				8F51958C2DCBA17E005CAC71 /* Frameworks */,
			);
			sourceTree = "<group>";
		};
		8F5195832DCBA166005CAC71 /* Products */ = {
			isa = PBXGroup;
			children = (
				8F5195822DCBA166005CAC71 /* Asteroids NDP */,
			);
			name = Products;
			sourceTree = "<group>";
		};
		8F5195842DCBA166005CAC71 /* Asteroids NDP */ = {
			isa = PBXGroup;
			children = (
				8F8A735E2DF367B7004FB20D /* Points */,
				8F8A735A2DF3510B004FB20D /* Spatial Partition */,
				8FE197D02DDF68D4003FF6B5 /* Label */,
				8F36B63C2DD3AFCF00470F4D /* Enums */,
				8F36B6382DD3862300470F4D /* Collision */,
				8FB1D3DD2DD2621900A63A6D /* Assets */,
				8FB1D3D92DD2616000A63A6D /* Spawner */,
				8F5195A02DCBC70D005CAC71 /* Objects */,
				8F5195972DCBA8E0005CAC71 /* Singletons */,
				8F5195852DCBA166005CAC71 /* main.cpp */,
			);
			path = "Asteroids NDP";
			sourceTree = "<group>";
		};
		8F51958C2DCBA17E005CAC71 /* Frameworks */ = {
			isa = PBXGroup;
			children = (
				8F5195942DCBA19D005CAC71 /* SDL2_ttf.framework */,
				8F5195912DCBA18F005CAC71 /* SDL2_image.framework */,
				8F51958D2DCBA17E005CAC71 /* SDL2.framework */,
			);
			name = Frameworks;
			sourceTree = "<group>";
		};
		8F5195972DCBA8E0005CAC71 /* Singletons */ = {
			isa = PBXGroup;
			children = (
				8F51959B2DCBA9BD005CAC71 /* SdlManager.cpp */,
				8F51959C2DCBA9BD005CAC71 /* SdlManager.hpp */,
			);
			path = Singletons;
			sourceTree = "<group>";
		};
		8F5195A02DCBC70D005CAC71 /* Objects */ = {
			isa = PBXGroup;
			children = (
				8F5195A12DCBC717005CAC71 /* GameObject.cpp */,
				8F5195A22DCBC717005CAC71 /* GameObject.hpp */,
				8F3A33EC2DCC1CF300A551A0 /* PlayerGameObject.cpp */,
				8F3A33ED2DCC1CF300A551A0 /* PlayerGameObject.hpp */,
				8FB2C2322DCE302B0061EB2B /* PlayerBullet.cpp */,
				8FB2C2332DCE302B0061EB2B /* PlayerBullet.hpp */,
				8FB1D3D62DD25CAA00A63A6D /* AsteroidGameObject.cpp */,
				8FB1D3D72DD25CAA00A63A6D /* AsteroidGameObject.hpp */,
			);
			path = Objects;
			sourceTree = "<group>";
		};
		8F8A735A2DF3510B004FB20D /* Spatial Partition */ = {
			isa = PBXGroup;
			children = (
				8F8A735B2DF3511F004FB20D /* Grid.cpp */,
				8F8A735C2DF3511F004FB20D /* Grid.hpp */,
			);
			path = "Spatial Partition";
			sourceTree = "<group>";
		};
		8F8A735E2DF367B7004FB20D /* Points */ = {
			isa = PBXGroup;
			children = (
				8F8A735F2DF367C6004FB20D /* PointsManager.h */,
			);
			path = Points;
			sourceTree = "<group>";
		};
		8FB1D3D92DD2616000A63A6D /* Spawner */ = {
			isa = PBXGroup;
			children = (
				8FB1D3DA2DD2617A00A63A6D /* AsteroidSpawner.cpp */,
				8FB1D3DB2DD2617A00A63A6D /* AsteroidSpawner.hpp */,
			);
			path = Spawner;
			sourceTree = "<group>";
		};
		8FB1D3DD2DD2621900A63A6D /* Assets */ = {
			isa = PBXGroup;
			children = (
				8FE197D42DDF6B50003FF6B5 /* NewYork.ttf */,
				8FB2C2312DCE2FF40061EB2B /* playerBullet.png */,
				8F5195A52DCBD81D005CAC71 /* playerShip.png */,
				8FB1D3DE2DD2628000A63A6D /* meteor1.png */,
				8FB1D3DF2DD2628600A63A6D /* meteor2.png */,
				8FB1D3E02DD2628F00A63A6D /* meteor3.png */,
				8FB1D3E12DD2629700A63A6D /* meteor4.png */,
				8FB1D3E22DD2629F00A63A6D /* meteor5.png */,
				8FB1D3E32DD262A600A63A6D /* meteor6.png */,
				8FB1D3E42DD262B600A63A6D /* meteor7.png */,
				8FB1D3E52DD262BD00A63A6D /* meteor8.png */,
			);
			path = Assets;
			sourceTree = "<group>";
		};
		8FE197D02DDF68D4003FF6B5 /* Label */ = {
			isa = PBXGroup;
			children = (
				8FE197D12DDF68E5003FF6B5 /* Label.cpp */,
				8FE197D22DDF68E5003FF6B5 /* Label.hpp */,
			);
			path = Label;
			sourceTree = "<group>";
		};
/* End PBXGroup section */

/* Begin PBXNativeTarget section */
		8F5195812DCBA166005CAC71 /* Asteroids NDP */ = {
			isa = PBXNativeTarget;
			buildConfigurationList = 8F5195892DCBA166005CAC71 /* Build configuration list for PBXNativeTarget "Asteroids NDP" */;
			buildPhases = (
				8F51957E2DCBA166005CAC71 /* Sources */,
				8F51957F2DCBA166005CAC71 /* Frameworks */,
				8F5195802DCBA166005CAC71 /* CopyFiles */,
				8F5195902DCBA17E005CAC71 /* Embed Frameworks */,
			);
			buildRules = (
			);
			dependencies = (
			);
			name = "Asteroids NDP";
			productName = "Asteroids NDP";
			productReference = 8F5195822DCBA166005CAC71 /* Asteroids NDP */;
			productType = "com.apple.product-type.tool";
		};
/* End PBXNativeTarget section */

/* Begin PBXProject section */
		8F51957A2DCBA166005CAC71 /* Project object */ = {
			isa = PBXProject;
			attributes = {
				BuildIndependentTargetsInParallel = 1;
				LastUpgradeCheck = 1540;
				TargetAttributes = {
					8F5195812DCBA166005CAC71 = {
						CreatedOnToolsVersion = 15.4;
					};
				};
			};
			buildConfigurationList = 8F51957D2DCBA166005CAC71 /* Build configuration list for PBXProject "Asteroids NDP" */;
			compatibilityVersion = "Xcode 14.0";
			developmentRegion = en;
			hasScannedForEncodings = 0;
			knownRegions = (
				en,
				Base,
			);
			mainGroup = 8F5195792DCBA166005CAC71;
			productRefGroup = 8F5195832DCBA166005CAC71 /* Products */;
			projectDirPath = "";
			projectRoot = "";
			targets = (
				8F5195812DCBA166005CAC71 /* Asteroids NDP */,
			);
		};
/* End PBXProject section */

/* Begin PBXSourcesBuildPhase section */
		8F51957E2DCBA166005CAC71 /* Sources */ = {
			isa = PBXSourcesBuildPhase;
			buildActionMask = 2147483647;
			files = (
				8FE197D32DDF68E5003FF6B5 /* Label.cpp in Sources */,
				8F3A33EE2DCC1CF300A551A0 /* PlayerGameObject.cpp in Sources */,
				8FB1D3DC2DD2617A00A63A6D /* AsteroidSpawner.cpp in Sources */,
				8F36B63B2DD3863300470F4D /* CollisionDetection.cpp in Sources */,
				8F5195862DCBA166005CAC71 /* main.cpp in Sources */,
				8FB2C2342DCE302B0061EB2B /* PlayerBullet.cpp in Sources */,
				8FB1D3D82DD25CAA00A63A6D /* AsteroidGameObject.cpp in Sources */,
				8F51959D2DCBA9BD005CAC71 /* SdlManager.cpp in Sources */,
				8F5195A32DCBC717005CAC71 /* GameObject.cpp in Sources */,
				8F8A735D2DF3511F004FB20D /* Grid.cpp in Sources */,
			);
			runOnlyForDeploymentPostprocessing = 0;
		};
/* End PBXSourcesBuildPhase section */

/* Begin XCBuildConfiguration section */
		8F5195872DCBA166005CAC71 /* Debug */ = {
			isa = XCBuildConfiguration;
			buildSettings = {
				ALWAYS_SEARCH_USER_PATHS = NO;
				ASSETCATALOG_COMPILER_GENERATE_SWIFT_ASSET_SYMBOL_EXTENSIONS = YES;
				CLANG_ANALYZER_NONNULL = YES;
				CLANG_ANALYZER_NUMBER_OBJECT_CONVERSION = YES_AGGRESSIVE;
				CLANG_CXX_LANGUAGE_STANDARD = "gnu++20";
				CLANG_ENABLE_MODULES = YES;
				CLANG_ENABLE_OBJC_ARC = YES;
				CLANG_ENABLE_OBJC_WEAK = YES;
				CLANG_WARN_BLOCK_CAPTURE_AUTORELEASING = YES;
				CLANG_WARN_BOOL_CONVERSION = YES;
				CLANG_WARN_COMMA = YES;
				CLANG_WARN_CONSTANT_CONVERSION = YES;
				CLANG_WARN_DEPRECATED_OBJC_IMPLEMENTATIONS = YES;
				CLANG_WARN_DIRECT_OBJC_ISA_USAGE = YES_ERROR;
				CLANG_WARN_DOCUMENTATION_COMMENTS = YES;
				CLANG_WARN_EMPTY_BODY = YES;
				CLANG_WARN_ENUM_CONVERSION = YES;
				CLANG_WARN_INFINITE_RECURSION = YES;
				CLANG_WARN_INT_CONVERSION = YES;
				CLANG_WARN_NON_LITERAL_NULL_CONVERSION = YES;
				CLANG_WARN_OBJC_IMPLICIT_RETAIN_SELF = YES;
				CLANG_WARN_OBJC_LITERAL_CONVERSION = YES;
				CLANG_WARN_OBJC_ROOT_CLASS = YES_ERROR;
				CLANG_WARN_QUOTED_INCLUDE_IN_FRAMEWORK_HEADER = YES;
				CLANG_WARN_RANGE_LOOP_ANALYSIS = YES;
				CLANG_WARN_STRICT_PROTOTYPES = YES;
				CLANG_WARN_SUSPICIOUS_MOVE = YES;
				CLANG_WARN_UNGUARDED_AVAILABILITY = YES_AGGRESSIVE;
				CLANG_WARN_UNREACHABLE_CODE = YES;
				CLANG_WARN__DUPLICATE_METHOD_MATCH = YES;
				COPY_PHASE_STRIP = NO;
				DEBUG_INFORMATION_FORMAT = dwarf;
				ENABLE_STRICT_OBJC_MSGSEND = YES;
				ENABLE_TESTABILITY = YES;
				ENABLE_USER_SCRIPT_SANDBOXING = YES;
				GCC_C_LANGUAGE_STANDARD = gnu17;
				GCC_DYNAMIC_NO_PIC = NO;
				GCC_NO_COMMON_BLOCKS = YES;
				GCC_OPTIMIZATION_LEVEL = 0;
				GCC_PREPROCESSOR_DEFINITIONS = (
					"DEBUG=1",
					"$(inherited)",
				);
				GCC_WARN_64_TO_32_BIT_CONVERSION = YES;
				GCC_WARN_ABOUT_RETURN_TYPE = YES_ERROR;
				GCC_WARN_UNDECLARED_SELECTOR = YES;
				GCC_WARN_UNINITIALIZED_AUTOS = YES_AGGRESSIVE;
				GCC_WARN_UNUSED_FUNCTION = YES;
				GCC_WARN_UNUSED_VARIABLE = YES;
				LOCALIZATION_PREFERS_STRING_CATALOGS = YES;
				MACOSX_DEPLOYMENT_TARGET = 14.2;
				MTL_ENABLE_DEBUG_INFO = INCLUDE_SOURCE;
				MTL_FAST_MATH = YES;
				ONLY_ACTIVE_ARCH = YES;
				SDKROOT = macosx;
			};
			name = Debug;
		};
		8F5195882DCBA166005CAC71 /* Release */ = {
			isa = XCBuildConfiguration;
			buildSettings = {
				ALWAYS_SEARCH_USER_PATHS = NO;
				ASSETCATALOG_COMPILER_GENERATE_SWIFT_ASSET_SYMBOL_EXTENSIONS = YES;
				CLANG_ANALYZER_NONNULL = YES;
				CLANG_ANALYZER_NUMBER_OBJECT_CONVERSION = YES_AGGRESSIVE;
				CLANG_CXX_LANGUAGE_STANDARD = "gnu++20";
				CLANG_ENABLE_MODULES = YES;
				CLANG_ENABLE_OBJC_ARC = YES;
				CLANG_ENABLE_OBJC_WEAK = YES;
				CLANG_WARN_BLOCK_CAPTURE_AUTORELEASING = YES;
				CLANG_WARN_BOOL_CONVERSION = YES;
				CLANG_WARN_COMMA = YES;
				CLANG_WARN_CONSTANT_CONVERSION = YES;
				CLANG_WARN_DEPRECATED_OBJC_IMPLEMENTATIONS = YES;
				CLANG_WARN_DIRECT_OBJC_ISA_USAGE = YES_ERROR;
				CLANG_WARN_DOCUMENTATION_COMMENTS = YES;
				CLANG_WARN_EMPTY_BODY = YES;
				CLANG_WARN_ENUM_CONVERSION = YES;
				CLANG_WARN_INFINITE_RECURSION = YES;
				CLANG_WARN_INT_CONVERSION = YES;
				CLANG_WARN_NON_LITERAL_NULL_CONVERSION = YES;
				CLANG_WARN_OBJC_IMPLICIT_RETAIN_SELF = YES;
				CLANG_WARN_OBJC_LITERAL_CONVERSION = YES;
				CLANG_WARN_OBJC_ROOT_CLASS = YES_ERROR;
				CLANG_WARN_QUOTED_INCLUDE_IN_FRAMEWORK_HEADER = YES;
				CLANG_WARN_RANGE_LOOP_ANALYSIS = YES;
				CLANG_WARN_STRICT_PROTOTYPES = YES;
				CLANG_WARN_SUSPICIOUS_MOVE = YES;
				CLANG_WARN_UNGUARDED_AVAILABILITY = YES_AGGRESSIVE;
				CLANG_WARN_UNREACHABLE_CODE = YES;
				CLANG_WARN__DUPLICATE_METHOD_MATCH = YES;
				COPY_PHASE_STRIP = NO;
				DEBUG_INFORMATION_FORMAT = "dwarf-with-dsym";
				ENABLE_NS_ASSERTIONS = NO;
				ENABLE_STRICT_OBJC_MSGSEND = YES;
				ENABLE_USER_SCRIPT_SANDBOXING = YES;
				GCC_C_LANGUAGE_STANDARD = gnu17;
				GCC_NO_COMMON_BLOCKS = YES;
				GCC_WARN_64_TO_32_BIT_CONVERSION = YES;
				GCC_WARN_ABOUT_RETURN_TYPE = YES_ERROR;
				GCC_WARN_UNDECLARED_SELECTOR = YES;
				GCC_WARN_UNINITIALIZED_AUTOS = YES_AGGRESSIVE;
				GCC_WARN_UNUSED_FUNCTION = YES;
				GCC_WARN_UNUSED_VARIABLE = YES;
				LOCALIZATION_PREFERS_STRING_CATALOGS = YES;
				MACOSX_DEPLOYMENT_TARGET = 14.2;
				MTL_ENABLE_DEBUG_INFO = NO;
				MTL_FAST_MATH = YES;
				SDKROOT = macosx;
			};
			name = Release;
		};
		8F51958A2DCBA166005CAC71 /* Debug */ = {
			isa = XCBuildConfiguration;
			buildSettings = {
				CODE_SIGN_STYLE = Automatic;
				DEVELOPMENT_TEAM = D94U49X98V;
				ENABLE_HARDENED_RUNTIME = YES;
				FRAMEWORK_SEARCH_PATHS = (
					"$(inherited)",
					"$(LOCAL_LIBRARY_DIR)/Frameworks",
				);
				HEADER_SEARCH_PATHS = (
					/usr/local/include,
					/Library/Frameworks/SDL2.framework/Headers,
				);
				PRODUCT_NAME = "$(TARGET_NAME)";
			};
			name = Debug;
		};
		8F51958B2DCBA166005CAC71 /* Release */ = {
			isa = XCBuildConfiguration;
			buildSettings = {
				CODE_SIGN_STYLE = Automatic;
				DEVELOPMENT_TEAM = D94U49X98V;
				ENABLE_HARDENED_RUNTIME = YES;
				FRAMEWORK_SEARCH_PATHS = (
					"$(inherited)",
					"$(LOCAL_LIBRARY_DIR)/Frameworks",
				);
				HEADER_SEARCH_PATHS = (
					/usr/local/include,
					/Library/Frameworks/SDL2.framework/Headers,
				);
				PRODUCT_NAME = "$(TARGET_NAME)";
			};
			name = Release;
		};
/* End XCBuildConfiguration section */

/* Begin XCConfigurationList section */
		8F51957D2DCBA166005CAC71 /* Build configuration list for PBXProject "Asteroids NDP" */ = {
			isa = XCConfigurationList;
			buildConfigurations = (
				8F5195872DCBA166005CAC71 /* Debug */,
				8F5195882DCBA166005CAC71 /* Release */,
			);
			defaultConfigurationIsVisible = 0;
			defaultConfigurationName = Release;
		};
		8F5195892DCBA166005CAC71 /* Build configuration list for PBXNativeTarget "Asteroids NDP" */ = {
			isa = XCConfigurationList;
			buildConfigurations = (
				8F51958A2DCBA166005CAC71 /* Debug */,
				8F51958B2DCBA166005CAC71 /* Release */,
			);
			defaultConfigurationIsVisible = 0;
			defaultConfigurationName = Release;
		};
/* End XCConfigurationList section */
	};
	rootObject = 8F51957A2DCBA166005CAC71 /* Project object */;
}
